// !$*UTF8*$!
{
	archiveVersion = 1;
	classes = {
	};
	objectVersion = 50;
	objects = {

/* Begin PBXBuildFile section */
		DDB83915260D875200D448BC /* AppDelegate.swift in Sources */ = {isa = PBXBuildFile; fileRef = DDB83914260D875200D448BC /* AppDelegate.swift */; };
		DDB83917260D875200D448BC /* SceneDelegate.swift in Sources */ = {isa = PBXBuildFile; fileRef = DDB83916260D875200D448BC /* SceneDelegate.swift */; };
		DDB8391C260D875200D448BC /* Main.storyboard in Resources */ = {isa = PBXBuildFile; fileRef = DDB8391A260D875200D448BC /* Main.storyboard */; };
		DDB8391E260D875400D448BC /* Assets.xcassets in Resources */ = {isa = PBXBuildFile; fileRef = DDB8391D260D875400D448BC /* Assets.xcassets */; };
		DDB83921260D875400D448BC /* LaunchScreen.storyboard in Resources */ = {isa = PBXBuildFile; fileRef = DDB8391F260D875400D448BC /* LaunchScreen.storyboard */; };
		DDB8392A260D87C000D448BC /* SearchViewController.swift in Sources */ = {isa = PBXBuildFile; fileRef = DDB83929260D87C000D448BC /* SearchViewController.swift */; };
		DDB8392E260D8A7F00D448BC /* ThumbnailImageViewCell.swift in Sources */ = {isa = PBXBuildFile; fileRef = DDB8392D260D8A7F00D448BC /* ThumbnailImageViewCell.swift */; };
		DDB83944260E0D2900D448BC /* SearchResult.swift in Sources */ = {isa = PBXBuildFile; fileRef = DDB83943260E0D2900D448BC /* SearchResult.swift */; };
		DDB83948260E0D3800D448BC /* SearchResultManager.swift in Sources */ = {isa = PBXBuildFile; fileRef = DDB83947260E0D3800D448BC /* SearchResultManager.swift */; };
/* End PBXBuildFile section */

/* Begin PBXFileReference section */
		DDB83911260D875200D448BC /* ImageSearchApp.app */ = {isa = PBXFileReference; explicitFileType = wrapper.application; includeInIndex = 0; path = ImageSearchApp.app; sourceTree = BUILT_PRODUCTS_DIR; };
		DDB83914260D875200D448BC /* AppDelegate.swift */ = {isa = PBXFileReference; lastKnownFileType = sourcecode.swift; path = AppDelegate.swift; sourceTree = "<group>"; };
		DDB83916260D875200D448BC /* SceneDelegate.swift */ = {isa = PBXFileReference; lastKnownFileType = sourcecode.swift; path = SceneDelegate.swift; sourceTree = "<group>"; };
		DDB8391B260D875200D448BC /* Base */ = {isa = PBXFileReference; lastKnownFileType = file.storyboard; name = Base; path = Base.lproj/Main.storyboard; sourceTree = "<group>"; };
		DDB8391D260D875400D448BC /* Assets.xcassets */ = {isa = PBXFileReference; lastKnownFileType = folder.assetcatalog; path = Assets.xcassets; sourceTree = "<group>"; };
		DDB83920260D875400D448BC /* Base */ = {isa = PBXFileReference; lastKnownFileType = file.storyboard; name = Base; path = Base.lproj/LaunchScreen.storyboard; sourceTree = "<group>"; };
		DDB83922260D875400D448BC /* Info.plist */ = {isa = PBXFileReference; lastKnownFileType = text.plist.xml; path = Info.plist; sourceTree = "<group>"; };
		DDB83929260D87C000D448BC /* SearchViewController.swift */ = {isa = PBXFileReference; lastKnownFileType = sourcecode.swift; path = SearchViewController.swift; sourceTree = "<group>"; };
		DDB8392D260D8A7F00D448BC /* ThumbnailImageViewCell.swift */ = {isa = PBXFileReference; lastKnownFileType = sourcecode.swift; path = ThumbnailImageViewCell.swift; sourceTree = "<group>"; };
		DDB83943260E0D2900D448BC /* SearchResult.swift */ = {isa = PBXFileReference; lastKnownFileType = sourcecode.swift; path = SearchResult.swift; sourceTree = "<group>"; };
		DDB83947260E0D3800D448BC /* SearchResultManager.swift */ = {isa = PBXFileReference; lastKnownFileType = sourcecode.swift; path = SearchResultManager.swift; sourceTree = "<group>"; };
		DDB8394A260E11E500D448BC /* MyPlayground.playground */ = {isa = PBXFileReference; lastKnownFileType = file.playground; path = MyPlayground.playground; sourceTree = "<group>"; xcLanguageSpecificationIdentifier = xcode.lang.swift; };
/* End PBXFileReference section */

/* Begin PBXFrameworksBuildPhase section */
		DDB8390E260D875200D448BC /* Frameworks */ = {
			isa = PBXFrameworksBuildPhase;
			buildActionMask = 2147483647;
			files = (
			);
			runOnlyForDeploymentPostprocessing = 0;
		};
/* End PBXFrameworksBuildPhase section */

/* Begin PBXGroup section */
		DDB83908260D875200D448BC = {
			isa = PBXGroup;
			children = (
				DDB83913260D875200D448BC /* ImageSearchApp */,
				DDB83912260D875200D448BC /* Products */,
			);
			sourceTree = "<group>";
		};
		DDB83912260D875200D448BC /* Products */ = {
			isa = PBXGroup;
			children = (
				DDB83911260D875200D448BC /* ImageSearchApp.app */,
			);
			name = Products;
			sourceTree = "<group>";
		};
		DDB83913260D875200D448BC /* ImageSearchApp */ = {
			isa = PBXGroup;
			children = (
				DDB8394E260EF7F000D448BC /* Support */,
				DDB8394D260EF7E300D448BC /* Main */,
				DDB83942260E0D0A00D448BC /* SearchResult */,
				DDB8392D260D8A7F00D448BC /* ThumbnailImageViewCell.swift */,
				DDB8391D260D875400D448BC /* Assets.xcassets */,
				DDB8391F260D875400D448BC /* LaunchScreen.storyboard */,
				DDB83922260D875400D448BC /* Info.plist */,
				DDB8394A260E11E500D448BC /* MyPlayground.playground */,
			);
			path = ImageSearchApp;
			sourceTree = "<group>";
		};
		DDB83942260E0D0A00D448BC /* SearchResult */ = {
			isa = PBXGroup;
			children = (
				DDB83943260E0D2900D448BC /* SearchResult.swift */,
				DDB83947260E0D3800D448BC /* SearchResultManager.swift */,
			);
			path = SearchResult;
			sourceTree = "<group>";
		};
		DDB8394D260EF7E300D448BC /* Main */ = {
			isa = PBXGroup;
			children = (
				DDB83929260D87C000D448BC /* SearchViewController.swift */,
				DDB8391A260D875200D448BC /* Main.storyboard */,
			);
			path = Main;
			sourceTree = "<group>";
		};
		DDB8394E260EF7F000D448BC /* Support */ = {
			isa = PBXGroup;
			children = (
				DDB83916260D875200D448BC /* SceneDelegate.swift */,
				DDB83914260D875200D448BC /* AppDelegate.swift */,
			);
			path = Support;
			sourceTree = "<group>";
		};
/* End PBXGroup section */

/* Begin PBXNativeTarget section */
		DDB83910260D875200D448BC /* ImageSearchApp */ = {
			isa = PBXNativeTarget;
			buildConfigurationList = DDB83925260D875400D448BC /* Build configuration list for PBXNativeTarget "ImageSearchApp" */;
			buildPhases = (
				DDB8390D260D875200D448BC /* Sources */,
				DDB8390E260D875200D448BC /* Frameworks */,
				DDB8390F260D875200D448BC /* Resources */,
			);
			buildRules = (
			);
			dependencies = (
			);
			name = ImageSearchApp;
			productName = ImageSearchApp;
			productReference = DDB83911260D875200D448BC /* ImageSearchApp.app */;
			productType = "com.apple.product-type.application";
		};
/* End PBXNativeTarget section */

/* Begin PBXProject section */
		DDB83909260D875200D448BC /* Project object */ = {
			isa = PBXProject;
			attributes = {
				LastSwiftUpdateCheck = 1230;
				LastUpgradeCheck = 1230;
				TargetAttributes = {
					DDB83910260D875200D448BC = {
						CreatedOnToolsVersion = 12.3;
					};
				};
			};
			buildConfigurationList = DDB8390C260D875200D448BC /* Build configuration list for PBXProject "ImageSearchApp" */;
			compatibilityVersion = "Xcode 9.3";
			developmentRegion = en;
			hasScannedForEncodings = 0;
			knownRegions = (
				en,
				Base,
			);
			mainGroup = DDB83908260D875200D448BC;
			productRefGroup = DDB83912260D875200D448BC /* Products */;
			projectDirPath = "";
			projectRoot = "";
			targets = (
				DDB83910260D875200D448BC /* ImageSearchApp */,
			);
		};
/* End PBXProject section */

/* Begin PBXResourcesBuildPhase section */
		DDB8390F260D875200D448BC /* Resources */ = {
			isa = PBXResourcesBuildPhase;
			buildActionMask = 2147483647;
			files = (
				DDB83921260D875400D448BC /* LaunchScreen.storyboard in Resources */,
				DDB8391E260D875400D448BC /* Assets.xcassets in Resources */,
				DDB8391C260D875200D448BC /* Main.storyboard in Resources */,
			);
			runOnlyForDeploymentPostprocessing = 0;
		};
/* End PBXResourcesBuildPhase section */

/* Begin PBXSourcesBuildPhase section */
		DDB8390D260D875200D448BC /* Sources */ = {
			isa = PBXSourcesBuildPhase;
			buildActionMask = 2147483647;
			files = (
				DDB83915260D875200D448BC /* AppDelegate.swift in Sources */,
				DDB8392E260D8A7F00D448BC /* ThumbnailImageViewCell.swift in Sources */,
				DDB83944260E0D2900D448BC /* SearchResult.swift in Sources */,
				DDB8392A260D87C000D448BC /* SearchViewController.swift in Sources */,
				DDB83948260E0D3800D448BC /* SearchResultManager.swift in Sources */,
				DDB83917260D875200D448BC /* SceneDelegate.swift in Sources */,
			);
			runOnlyForDeploymentPostprocessing = 0;
		};
/* End PBXSourcesBuildPhase section */

/* Begin PBXVariantGroup section */
		DDB8391A260D875200D448BC /* Main.storyboard */ = {
			isa = PBXVariantGroup;
			children = (
				DDB8391B260D875200D448BC /* Base */,
			);
			name = Main.storyboard;
			sourceTree = "<group>";
		};
		DDB8391F260D875400D448BC /* LaunchScreen.storyboard */ = {
			isa = PBXVariantGroup;
			children = (
				DDB83920260D875400D448BC /* Base */,
			);
			name = LaunchScreen.storyboard;
			sourceTree = "<group>";
		};
/* End PBXVariantGroup section */

/* Begin XCBuildConfiguration section */
		DDB83923260D875400D448BC /* Debug */ = {
			isa = XCBuildConfiguration;
			buildSettings = {
				ALWAYS_SEARCH_USER_PATHS = NO;
				CLANG_ANALYZER_NONNULL = YES;
				CLANG_ANALYZER_NUMBER_OBJECT_CONVERSION = YES_AGGRESSIVE;
				CLANG_CXX_LANGUAGE_STANDARD = "gnu++14";
				CLANG_CXX_LIBRARY = "libc++";
				CLANG_ENABLE_MODULES = YES;
				CLANG_ENABLE_OBJC_ARC = YES;
				CLANG_ENABLE_OBJC_WEAK = YES;
				CLANG_WARN_BLOCK_CAPTURE_AUTORELEASING = YES;
				CLANG_WARN_BOOL_CONVERSION = YES;
				CLANG_WARN_COMMA = YES;
				CLANG_WARN_CONSTANT_CONVERSION = YES;
				CLANG_WARN_DEPRECATED_OBJC_IMPLEMENTATIONS = YES;
				CLANG_WARN_DIRECT_OBJC_ISA_USAGE = YES_ERROR;
				CLANG_WARN_DOCUMENTATION_COMMENTS = YES;
				CLANG_WARN_EMPTY_BODY = YES;
				CLANG_WARN_ENUM_CONVERSION = YES;
				CLANG_WARN_INFINITE_RECURSION = YES;
				CLANG_WARN_INT_CONVERSION = YES;
				CLANG_WARN_NON_LITERAL_NULL_CONVERSION = YES;
				CLANG_WARN_OBJC_IMPLICIT_RETAIN_SELF = YES;
				CLANG_WARN_OBJC_LITERAL_CONVERSION = YES;
				CLANG_WARN_OBJC_ROOT_CLASS = YES_ERROR;
				CLANG_WARN_QUOTED_INCLUDE_IN_FRAMEWORK_HEADER = YES;
				CLANG_WARN_RANGE_LOOP_ANALYSIS = YES;
				CLANG_WARN_STRICT_PROTOTYPES = YES;
				CLANG_WARN_SUSPICIOUS_MOVE = YES;
				CLANG_WARN_UNGUARDED_AVAILABILITY = YES_AGGRESSIVE;
				CLANG_WARN_UNREACHABLE_CODE = YES;
				CLANG_WARN__DUPLICATE_METHOD_MATCH = YES;
				COPY_PHASE_STRIP = NO;
				DEBUG_INFORMATION_FORMAT = dwarf;
				ENABLE_STRICT_OBJC_MSGSEND = YES;
				ENABLE_TESTABILITY = YES;
				GCC_C_LANGUAGE_STANDARD = gnu11;
				GCC_DYNAMIC_NO_PIC = NO;
				GCC_NO_COMMON_BLOCKS = YES;
				GCC_OPTIMIZATION_LEVEL = 0;
				GCC_PREPROCESSOR_DEFINITIONS = (
					"DEBUG=1",
					"$(inherited)",
				);
				GCC_WARN_64_TO_32_BIT_CONVERSION = YES;
				GCC_WARN_ABOUT_RETURN_TYPE = YES_ERROR;
				GCC_WARN_UNDECLARED_SELECTOR = YES;
				GCC_WARN_UNINITIALIZED_AUTOS = YES_AGGRESSIVE;
				GCC_WARN_UNUSED_FUNCTION = YES;
				GCC_WARN_UNUSED_VARIABLE = YES;
				IPHONEOS_DEPLOYMENT_TARGET = 14.3;
				MTL_ENABLE_DEBUG_INFO = INCLUDE_SOURCE;
				MTL_FAST_MATH = YES;
				ONLY_ACTIVE_ARCH = YES;
				SDKROOT = iphoneos;
				SWIFT_ACTIVE_COMPILATION_CONDITIONS = DEBUG;
				SWIFT_OPTIMIZATION_LEVEL = "-Onone";
			};
			name = Debug;
		};
		DDB83924260D875400D448BC /* Release */ = {
			isa = XCBuildConfiguration;
			buildSettings = {
				ALWAYS_SEARCH_USER_PATHS = NO;
				CLANG_ANALYZER_NONNULL = YES;
				CLANG_ANALYZER_NUMBER_OBJECT_CONVERSION = YES_AGGRESSIVE;
				CLANG_CXX_LANGUAGE_STANDARD = "gnu++14";
				CLANG_CXX_LIBRARY = "libc++";
				CLANG_ENABLE_MODULES = YES;
				CLANG_ENABLE_OBJC_ARC = YES;
				CLANG_ENABLE_OBJC_WEAK = YES;
				CLANG_WARN_BLOCK_CAPTURE_AUTORELEASING = YES;
				CLANG_WARN_BOOL_CONVERSION = YES;
				CLANG_WARN_COMMA = YES;
				CLANG_WARN_CONSTANT_CONVERSION = YES;
				CLANG_WARN_DEPRECATED_OBJC_IMPLEMENTATIONS = YES;
				CLANG_WARN_DIRECT_OBJC_ISA_USAGE = YES_ERROR;
				CLANG_WARN_DOCUMENTATION_COMMENTS = YES;
				CLANG_WARN_EMPTY_BODY = YES;
				CLANG_WARN_ENUM_CONVERSION = YES;
				CLANG_WARN_INFINITE_RECURSION = YES;
				CLANG_WARN_INT_CONVERSION = YES;
				CLANG_WARN_NON_LITERAL_NULL_CONVERSION = YES;
				CLANG_WARN_OBJC_IMPLICIT_RETAIN_SELF = YES;
				CLANG_WARN_OBJC_LITERAL_CONVERSION = YES;
				CLANG_WARN_OBJC_ROOT_CLASS = YES_ERROR;
				CLANG_WARN_QUOTED_INCLUDE_IN_FRAMEWORK_HEADER = YES;
				CLANG_WARN_RANGE_LOOP_ANALYSIS = YES;
				CLANG_WARN_STRICT_PROTOTYPES = YES;
				CLANG_WARN_SUSPICIOUS_MOVE = YES;
				CLANG_WARN_UNGUARDED_AVAILABILITY = YES_AGGRESSIVE;
				CLANG_WARN_UNREACHABLE_CODE = YES;
				CLANG_WARN__DUPLICATE_METHOD_MATCH = YES;
				COPY_PHASE_STRIP = NO;
				DEBUG_INFORMATION_FORMAT = "dwarf-with-dsym";
				ENABLE_NS_ASSERTIONS = NO;
				ENABLE_STRICT_OBJC_MSGSEND = YES;
				GCC_C_LANGUAGE_STANDARD = gnu11;
				GCC_NO_COMMON_BLOCKS = YES;
				GCC_WARN_64_TO_32_BIT_CONVERSION = YES;
				GCC_WARN_ABOUT_RETURN_TYPE = YES_ERROR;
				GCC_WARN_UNDECLARED_SELECTOR = YES;
				GCC_WARN_UNINITIALIZED_AUTOS = YES_AGGRESSIVE;
				GCC_WARN_UNUSED_FUNCTION = YES;
				GCC_WARN_UNUSED_VARIABLE = YES;
				IPHONEOS_DEPLOYMENT_TARGET = 14.3;
				MTL_ENABLE_DEBUG_INFO = NO;
				MTL_FAST_MATH = YES;
				SDKROOT = iphoneos;
				SWIFT_COMPILATION_MODE = wholemodule;
				SWIFT_OPTIMIZATION_LEVEL = "-O";
				VALIDATE_PRODUCT = YES;
			};
			name = Release;
		};
		DDB83926260D875400D448BC /* Debug */ = {
			isa = XCBuildConfiguration;
			buildSettings = {
				ASSETCATALOG_COMPILER_APPICON_NAME = AppIcon;
				ASSETCATALOG_COMPILER_GLOBAL_ACCENT_COLOR_NAME = AccentColor;
				CODE_SIGN_STYLE = Automatic;
				DEVELOPMENT_TEAM = 949WFFQ7HH;
				INFOPLIST_FILE = ImageSearchApp/Info.plist;
				LD_RUNPATH_SEARCH_PATHS = (
					"$(inherited)",
					"@executable_path/Frameworks",
				);
				PRODUCT_BUNDLE_IDENTIFIER = net.woozzang.ImageSearchApp;
				PRODUCT_NAME = "$(TARGET_NAME)";
				SWIFT_VERSION = 5.0;
				TARGETED_DEVICE_FAMILY = "1,2";
			};
			name = Debug;
		};
		DDB83927260D875400D448BC /* Release */ = {
			isa = XCBuildConfiguration;
			buildSettings = {
				ASSETCATALOG_COMPILER_APPICON_NAME = AppIcon;
				ASSETCATALOG_COMPILER_GLOBAL_ACCENT_COLOR_NAME = AccentColor;
				CODE_SIGN_STYLE = Automatic;
				DEVELOPMENT_TEAM = 949WFFQ7HH;
				INFOPLIST_FILE = ImageSearchApp/Info.plist;
				LD_RUNPATH_SEARCH_PATHS = (
					"$(inherited)",
					"@executable_path/Frameworks",
				);
				PRODUCT_BUNDLE_IDENTIFIER = net.woozzang.ImageSearchApp;
				PRODUCT_NAME = "$(TARGET_NAME)";
				SWIFT_VERSION = 5.0;
				TARGETED_DEVICE_FAMILY = "1,2";
			};
			name = Release;
		};
/* End XCBuildConfiguration section */

/* Begin XCConfigurationList section */
		DDB8390C260D875200D448BC /* Build configuration list for PBXProject "ImageSearchApp" */ = {
			isa = XCConfigurationList;
			buildConfigurations = (
				DDB83923260D875400D448BC /* Debug */,
				DDB83924260D875400D448BC /* Release */,
			);
			defaultConfigurationIsVisible = 0;
			defaultConfigurationName = Release;
		};
		DDB83925260D875400D448BC /* Build configuration list for PBXNativeTarget "ImageSearchApp" */ = {
			isa = XCConfigurationList;
			buildConfigurations = (
				DDB83926260D875400D448BC /* Debug */,
				DDB83927260D875400D448BC /* Release */,
			);
			defaultConfigurationIsVisible = 0;
			defaultConfigurationName = Release;
		};
/* End XCConfigurationList section */
	};
	rootObject = DDB83909260D875200D448BC /* Project object */;
}
